
Microsoft Visual Studio Solution File, Format Version 12.00
# Visual Studio Version 16
VisualStudioVersion = 16.0.29911.84
MinimumVisualStudioVersion = 10.0.40219.1
Project("{9A19103F-16F7-4668-BE54-9A1E7A4F7556}") = "eShopSolution.WebApp", "eShopSolution.WebApp\eShopSolution.WebApp.csproj", "{E483F8F9-B646-41F9-BEA0-B86F7C93975D}"
EndProject
Project("{2150E333-8FDC-42A3-9474-1A3956D46DE8}") = "Solution Items", "Solution Items", "{3013C297-0D79-46EF-8005-EFE56AC171EA}"
	ProjectSection(SolutionItems) = preProject
		README.md = README.md
	EndProjectSection
EndProject
Project("{9A19103F-16F7-4668-BE54-9A1E7A4F7556}") = "eShopSolution.Data", "eShopSolution.Data\eShopSolution.Data.csproj", "{BD5E9C52-AA93-4842-950A-D78F2EBC223A}"
EndProject
Project("{9A19103F-16F7-4668-BE54-9A1E7A4F7556}") = "eShopSolution.Application", "eShopSolution.Application\eShopSolution.Application.csproj", "{31D82336-75D3-4087-BE4D-F6DAC5FB71DB}"
EndProject
Project("{FAE04EC0-301F-11D3-BF4B-00C04F79EFBC}") = "eShopSolution.Utilities", "eShopSolution.Utilities\eShopSolution.Utilities.csproj", "{7921596D-9985-442B-9CD9-AFCE5E1DB688}"
EndProject
Global
	GlobalSection(SolutionConfigurationPlatforms) = preSolution
		Debug|Any CPU = Debug|Any CPU
		Release|Any CPU = Release|Any CPU
	EndGlobalSection
	GlobalSection(ProjectConfigurationPlatforms) = postSolution
		{E483F8F9-B646-41F9-BEA0-B86F7C93975D}.Debug|Any CPU.ActiveCfg = Debug|Any CPU
		{E483F8F9-B646-41F9-BEA0-B86F7C93975D}.Debug|Any CPU.Build.0 = Debug|Any CPU
		{E483F8F9-B646-41F9-BEA0-B86F7C93975D}.Release|Any CPU.ActiveCfg = Release|Any CPU
		{E483F8F9-B646-41F9-BEA0-B86F7C93975D}.Release|Any CPU.Build.0 = Release|Any CPU
		{BD5E9C52-AA93-4842-950A-D78F2EBC223A}.Debug|Any CPU.ActiveCfg = Debug|Any CPU
		{BD5E9C52-AA93-4842-950A-D78F2EBC223A}.Debug|Any CPU.Build.0 = Debug|Any CPU
		{BD5E9C52-AA93-4842-950A-D78F2EBC223A}.Release|Any CPU.ActiveCfg = Release|Any CPU
		{BD5E9C52-AA93-4842-950A-D78F2EBC223A}.Release|Any CPU.Build.0 = Release|Any CPU
		{31D82336-75D3-4087-BE4D-F6DAC5FB71DB}.Debug|Any CPU.ActiveCfg = Debug|Any CPU
		{31D82336-75D3-4087-BE4D-F6DAC5FB71DB}.Debug|Any CPU.Build.0 = Debug|Any CPU
		{31D82336-75D3-4087-BE4D-F6DAC5FB71DB}.Release|Any CPU.ActiveCfg = Release|Any CPU
		{31D82336-75D3-4087-BE4D-F6DAC5FB71DB}.Release|Any CPU.Build.0 = Release|Any CPU
		{7921596D-9985-442B-9CD9-AFCE5E1DB688}.Debug|Any CPU.ActiveCfg = Debug|Any CPU
		{7921596D-9985-442B-9CD9-AFCE5E1DB688}.Debug|Any CPU.Build.0 = Debug|Any CPU
		{7921596D-9985-442B-9CD9-AFCE5E1DB688}.Release|Any CPU.ActiveCfg = Release|Any CPU
		{7921596D-9985-442B-9CD9-AFCE5E1DB688}.Release|Any CPU.Build.0 = Release|Any CPU
	EndGlobalSection
	GlobalSection(SolutionProperties) = preSolution
		HideSolutionNode = FALSE
	EndGlobalSection
	GlobalSection(ExtensibilityGlobals) = postSolution
		SolutionGuid = {0F19B249-EF92-450C-96CF-3B7197015B43}
	EndGlobalSection
EndGlobal
